{
  "name": "react-native-emoji-selector",
  "version": "0.2.0",
  "lockfileVersion": 1,
  "requires": true,
  "dependencies": {
    "emoji-datasource": {
      "version": "15.0.1",
      "resolved": "https://registry.npmjs.org/emoji-datasource/-/emoji-datasource-15.0.1.tgz",
      "integrity": "sha512-aF5Q6LCKXzJzpG4K0ETiItuzz0xLYxNexR9qWw45/shuuEDWZkOIbeGHA23uopOSYA/LmeZIXIFsySCx+YKg2g=="
    }
  }
}
